
Microsoft Visual Studio Solution File, Format Version 12.00
# Visual Studio Version 16
VisualStudioVersion = 16.6.30114.105
MinimumVisualStudioVersion = 10.0.40219.1
Project("{9A19103F-16F7-4668-BE54-9A1E7A4F7556}") = "R5T.T0102", "R5T.T0102\R5T.T0102.csproj", "{3FCB6E6C-2C37-4255-9E9D-433013ECFAD5}"
EndProject
Project("{2150E333-8FDC-42A3-9474-1A3956D46DE8}") = "_Dependencies", "_Dependencies", "{A5D17131-8E04-4797-A567-A5AE96CC386C}"
EndProject
Project("{9A19103F-16F7-4668-BE54-9A1E7A4F7556}") = "R5T.T0094", "..\..\R5T.T0094\source\R5T.T0094\R5T.T0094.csproj", "{7C4A7333-02F1-4037-A20C-D132AEA9780B}"
EndProject
Project("{9A19103F-16F7-4668-BE54-9A1E7A4F7556}") = "R5T.T0092", "..\..\R5T.T0092\source\R5T.T0092\R5T.T0092.csproj", "{87303280-0868-4335-9273-FAC11EAAE1A4}"
EndProject
Project("{9A19103F-16F7-4668-BE54-9A1E7A4F7556}") = "R5T.T0092.X001", "..\..\R5T.T0092\source\R5T.T0092.X001\R5T.T0092.X001.csproj", "{CF9CAF8A-4233-437C-BC33-FF5431489868}"
EndProject
Project("{9A19103F-16F7-4668-BE54-9A1E7A4F7556}") = "R5T.T0101", "..\..\R5T.T0101\source\R5T.T0101\R5T.T0101.csproj", "{1513CFF5-7EC1-4821-9A33-221716FF8608}"
EndProject
Project("{FAE04EC0-301F-11D3-BF4B-00C04F79EFBC}") = "R5T.T0102.X001", "R5T.T0102.X001\R5T.T0102.X001.csproj", "{F531D13A-9CDE-469E-AFAB-9FAE812AE697}"
EndProject
Global
	GlobalSection(SolutionConfigurationPlatforms) = preSolution
		Debug|Any CPU = Debug|Any CPU
		Debug|x64 = Debug|x64
		Debug|x86 = Debug|x86
		Release|Any CPU = Release|Any CPU
		Release|x64 = Release|x64
		Release|x86 = Release|x86
	EndGlobalSection
	GlobalSection(ProjectConfigurationPlatforms) = postSolution
		{3FCB6E6C-2C37-4255-9E9D-433013ECFAD5}.Debug|Any CPU.ActiveCfg = Debug|Any CPU
		{3FCB6E6C-2C37-4255-9E9D-433013ECFAD5}.Debug|Any CPU.Build.0 = Debug|Any CPU
		{3FCB6E6C-2C37-4255-9E9D-433013ECFAD5}.Debug|x64.ActiveCfg = Debug|Any CPU
		{3FCB6E6C-2C37-4255-9E9D-433013ECFAD5}.Debug|x64.Build.0 = Debug|Any CPU
		{3FCB6E6C-2C37-4255-9E9D-433013ECFAD5}.Debug|x86.ActiveCfg = Debug|Any CPU
		{3FCB6E6C-2C37-4255-9E9D-433013ECFAD5}.Debug|x86.Build.0 = Debug|Any CPU
		{3FCB6E6C-2C37-4255-9E9D-433013ECFAD5}.Release|Any CPU.ActiveCfg = Release|Any CPU
		{3FCB6E6C-2C37-4255-9E9D-433013ECFAD5}.Release|Any CPU.Build.0 = Release|Any CPU
		{3FCB6E6C-2C37-4255-9E9D-433013ECFAD5}.Release|x64.ActiveCfg = Release|Any CPU
		{3FCB6E6C-2C37-4255-9E9D-433013ECFAD5}.Release|x64.Build.0 = Release|Any CPU
		{3FCB6E6C-2C37-4255-9E9D-433013ECFAD5}.Release|x86.ActiveCfg = Release|Any CPU
		{3FCB6E6C-2C37-4255-9E9D-433013ECFAD5}.Release|x86.Build.0 = Release|Any CPU
		{7C4A7333-02F1-4037-A20C-D132AEA9780B}.Debug|Any CPU.ActiveCfg = Debug|Any CPU
		{7C4A7333-02F1-4037-A20C-D132AEA9780B}.Debug|Any CPU.Build.0 = Debug|Any CPU
		{7C4A7333-02F1-4037-A20C-D132AEA9780B}.Debug|x64.ActiveCfg = Debug|Any CPU
		{7C4A7333-02F1-4037-A20C-D132AEA9780B}.Debug|x64.Build.0 = Debug|Any CPU
		{7C4A7333-02F1-4037-A20C-D132AEA9780B}.Debug|x86.ActiveCfg = Debug|Any CPU
		{7C4A7333-02F1-4037-A20C-D132AEA9780B}.Debug|x86.Build.0 = Debug|Any CPU
		{7C4A7333-02F1-4037-A20C-D132AEA9780B}.Release|Any CPU.ActiveCfg = Release|Any CPU
		{7C4A7333-02F1-4037-A20C-D132AEA9780B}.Release|Any CPU.Build.0 = Release|Any CPU
		{7C4A7333-02F1-4037-A20C-D132AEA9780B}.Release|x64.ActiveCfg = Release|Any CPU
		{7C4A7333-02F1-4037-A20C-D132AEA9780B}.Release|x64.Build.0 = Release|Any CPU
		{7C4A7333-02F1-4037-A20C-D132AEA9780B}.Release|x86.ActiveCfg = Release|Any CPU
		{7C4A7333-02F1-4037-A20C-D132AEA9780B}.Release|x86.Build.0 = Release|Any CPU
		{87303280-0868-4335-9273-FAC11EAAE1A4}.Debug|Any CPU.ActiveCfg = Debug|Any CPU
		{87303280-0868-4335-9273-FAC11EAAE1A4}.Debug|Any CPU.Build.0 = Debug|Any CPU
		{87303280-0868-4335-9273-FAC11EAAE1A4}.Debug|x64.ActiveCfg = Debug|Any CPU
		{87303280-0868-4335-9273-FAC11EAAE1A4}.Debug|x64.Build.0 = Debug|Any CPU
		{87303280-0868-4335-9273-FAC11EAAE1A4}.Debug|x86.ActiveCfg = Debug|Any CPU
		{87303280-0868-4335-9273-FAC11EAAE1A4}.Debug|x86.Build.0 = Debug|Any CPU
		{87303280-0868-4335-9273-FAC11EAAE1A4}.Release|Any CPU.ActiveCfg = Release|Any CPU
		{87303280-0868-4335-9273-FAC11EAAE1A4}.Release|Any CPU.Build.0 = Release|Any CPU
		{87303280-0868-4335-9273-FAC11EAAE1A4}.Release|x64.ActiveCfg = Release|Any CPU
		{87303280-0868-4335-9273-FAC11EAAE1A4}.Release|x64.Build.0 = Release|Any CPU
		{87303280-0868-4335-9273-FAC11EAAE1A4}.Release|x86.ActiveCfg = Release|Any CPU
		{87303280-0868-4335-9273-FAC11EAAE1A4}.Release|x86.Build.0 = Release|Any CPU
		{CF9CAF8A-4233-437C-BC33-FF5431489868}.Debug|Any CPU.ActiveCfg = Debug|Any CPU
		{CF9CAF8A-4233-437C-BC33-FF5431489868}.Debug|Any CPU.Build.0 = Debug|Any CPU
		{CF9CAF8A-4233-437C-BC33-FF5431489868}.Debug|x64.ActiveCfg = Debug|Any CPU
		{CF9CAF8A-4233-437C-BC33-FF5431489868}.Debug|x64.Build.0 = Debug|Any CPU
		{CF9CAF8A-4233-437C-BC33-FF5431489868}.Debug|x86.ActiveCfg = Debug|Any CPU
		{CF9CAF8A-4233-437C-BC33-FF5431489868}.Debug|x86.Build.0 = Debug|Any CPU
		{CF9CAF8A-4233-437C-BC33-FF5431489868}.Release|Any CPU.ActiveCfg = Release|Any CPU
		{CF9CAF8A-4233-437C-BC33-FF5431489868}.Release|Any CPU.Build.0 = Release|Any CPU
		{CF9CAF8A-4233-437C-BC33-FF5431489868}.Release|x64.ActiveCfg = Release|Any CPU
		{CF9CAF8A-4233-437C-BC33-FF5431489868}.Release|x64.Build.0 = Release|Any CPU
		{CF9CAF8A-4233-437C-BC33-FF5431489868}.Release|x86.ActiveCfg = Release|Any CPU
		{CF9CAF8A-4233-437C-BC33-FF5431489868}.Release|x86.Build.0 = Release|Any CPU
		{1513CFF5-7EC1-4821-9A33-221716FF8608}.Debug|Any CPU.ActiveCfg = Debug|Any CPU
		{1513CFF5-7EC1-4821-9A33-221716FF8608}.Debug|Any CPU.Build.0 = Debug|Any CPU
		{1513CFF5-7EC1-4821-9A33-221716FF8608}.Debug|x64.ActiveCfg = Debug|Any CPU
		{1513CFF5-7EC1-4821-9A33-221716FF8608}.Debug|x64.Build.0 = Debug|Any CPU
		{1513CFF5-7EC1-4821-9A33-221716FF8608}.Debug|x86.ActiveCfg = Debug|Any CPU
		{1513CFF5-7EC1-4821-9A33-221716FF8608}.Debug|x86.Build.0 = Debug|Any CPU
		{1513CFF5-7EC1-4821-9A33-221716FF8608}.Release|Any CPU.ActiveCfg = Release|Any CPU
		{1513CFF5-7EC1-4821-9A33-221716FF8608}.Release|Any CPU.Build.0 = Release|Any CPU
		{1513CFF5-7EC1-4821-9A33-221716FF8608}.Release|x64.ActiveCfg = Release|Any CPU
		{1513CFF5-7EC1-4821-9A33-221716FF8608}.Release|x64.Build.0 = Release|Any CPU
		{1513CFF5-7EC1-4821-9A33-221716FF8608}.Release|x86.ActiveCfg = Release|Any CPU
		{1513CFF5-7EC1-4821-9A33-221716FF8608}.Release|x86.Build.0 = Release|Any CPU
		{F531D13A-9CDE-469E-AFAB-9FAE812AE697}.Debug|Any CPU.ActiveCfg = Debug|Any CPU
		{F531D13A-9CDE-469E-AFAB-9FAE812AE697}.Debug|Any CPU.Build.0 = Debug|Any CPU
		{F531D13A-9CDE-469E-AFAB-9FAE812AE697}.Debug|x64.ActiveCfg = Debug|Any CPU
		{F531D13A-9CDE-469E-AFAB-9FAE812AE697}.Debug|x64.Build.0 = Debug|Any CPU
		{F531D13A-9CDE-469E-AFAB-9FAE812AE697}.Debug|x86.ActiveCfg = Debug|Any CPU
		{F531D13A-9CDE-469E-AFAB-9FAE812AE697}.Debug|x86.Build.0 = Debug|Any CPU
		{F531D13A-9CDE-469E-AFAB-9FAE812AE697}.Release|Any CPU.ActiveCfg = Release|Any CPU
		{F531D13A-9CDE-469E-AFAB-9FAE812AE697}.Release|Any CPU.Build.0 = Release|Any CPU
		{F531D13A-9CDE-469E-AFAB-9FAE812AE697}.Release|x64.ActiveCfg = Release|Any CPU
		{F531D13A-9CDE-469E-AFAB-9FAE812AE697}.Release|x64.Build.0 = Release|Any CPU
		{F531D13A-9CDE-469E-AFAB-9FAE812AE697}.Release|x86.ActiveCfg = Release|Any CPU
		{F531D13A-9CDE-469E-AFAB-9FAE812AE697}.Release|x86.Build.0 = Release|Any CPU
	EndGlobalSection
	GlobalSection(SolutionProperties) = preSolution
		HideSolutionNode = FALSE
	EndGlobalSection
	GlobalSection(NestedProjects) = preSolution
		{7C4A7333-02F1-4037-A20C-D132AEA9780B} = {A5D17131-8E04-4797-A567-A5AE96CC386C}
		{87303280-0868-4335-9273-FAC11EAAE1A4} = {A5D17131-8E04-4797-A567-A5AE96CC386C}
		{CF9CAF8A-4233-437C-BC33-FF5431489868} = {A5D17131-8E04-4797-A567-A5AE96CC386C}
		{1513CFF5-7EC1-4821-9A33-221716FF8608} = {A5D17131-8E04-4797-A567-A5AE96CC386C}
	EndGlobalSection
	GlobalSection(ExtensibilityGlobals) = postSolution
		SolutionGuid = {81480E6E-7063-404B-95DE-E401FD4D0B89}
	EndGlobalSection
EndGlobal
