
Microsoft Visual Studio Solution File, Format Version 12.00
# Visual Studio Version 17
VisualStudioVersion = 17.2.32630.192
MinimumVisualStudioVersion = 10.0.40219.1
Project("{9A19103F-16F7-4668-BE54-9A1E7A4F7556}") = "R5T.T0102", "R5T.T0102\R5T.T0102.csproj", "{3FCB6E6C-2C37-4255-9E9D-433013ECFAD5}"
EndProject
Project("{2150E333-8FDC-42A3-9474-1A3956D46DE8}") = "_Dependencies", "_Dependencies", "{A5D17131-8E04-4797-A567-A5AE96CC386C}"
EndProject
Project("{9A19103F-16F7-4668-BE54-9A1E7A4F7556}") = "R5T.T0094", "..\..\R5T.T0094\source\R5T.T0094\R5T.T0094.csproj", "{7C4A7333-02F1-4037-A20C-D132AEA9780B}"
EndProject
Project("{9A19103F-16F7-4668-BE54-9A1E7A4F7556}") = "R5T.T0092", "..\..\R5T.T0092\source\R5T.T0092\R5T.T0092.csproj", "{87303280-0868-4335-9273-FAC11EAAE1A4}"
EndProject
Project("{9A19103F-16F7-4668-BE54-9A1E7A4F7556}") = "R5T.T0092.X001", "..\..\R5T.T0092\source\R5T.T0092.X001\R5T.T0092.X001.csproj", "{CF9CAF8A-4233-437C-BC33-FF5431489868}"
EndProject
Project("{9A19103F-16F7-4668-BE54-9A1E7A4F7556}") = "R5T.T0101", "..\..\R5T.T0101\source\R5T.T0101\R5T.T0101.csproj", "{1513CFF5-7EC1-4821-9A33-221716FF8608}"
EndProject
Project("{FAE04EC0-301F-11D3-BF4B-00C04F79EFBC}") = "R5T.T0102.X001", "R5T.T0102.X001\R5T.T0102.X001.csproj", "{F531D13A-9CDE-469E-AFAB-9FAE812AE697}"
EndProject
Project("{9A19103F-16F7-4668-BE54-9A1E7A4F7556}") = "R5T.Magyar", "..\..\R5T.Magyar\source\R5T.Magyar\R5T.Magyar.csproj", "{C2AA63B0-E1F0-4DFC-B4CB-0CF6408C977E}"
EndProject
Project("{9A19103F-16F7-4668-BE54-9A1E7A4F7556}") = "R5T.T0039.T002", "..\..\R5T.T0039\source\R5T.T0039.T002\R5T.T0039.T002.csproj", "{1692A917-5725-4003-8CD8-05B25211E11C}"
EndProject
Project("{9A19103F-16F7-4668-BE54-9A1E7A4F7556}") = "R5T.T0055.X001", "..\..\R5T.T0055\source\R5T.T0055.X001\R5T.T0055.X001.csproj", "{8ED3E724-5B3C-4B3F-82BA-B8BA4A15EE48}"
EndProject
Project("{9A19103F-16F7-4668-BE54-9A1E7A4F7556}") = "R5T.T0055", "..\..\R5T.T0055\source\R5T.T0055\R5T.T0055.csproj", "{CD12DD47-90F2-4825-B852-443B411CEC96}"
EndProject
Project("{9A19103F-16F7-4668-BE54-9A1E7A4F7556}") = "R5T.T0060", "..\..\R5T.T0060\source\R5T.T0060\R5T.T0060.csproj", "{4E3C2D82-9C7B-46D7-A074-893979ED10CF}"
EndProject
Project("{9A19103F-16F7-4668-BE54-9A1E7A4F7556}") = "R5T.T0093", "..\..\R5T.T0093\source\R5T.T0093\R5T.T0093.csproj", "{56E001AD-5272-4583-86C1-5510FF1C942F}"
EndProject
Project("{9A19103F-16F7-4668-BE54-9A1E7A4F7556}") = "R5T.T0098", "..\..\R5T.T0098\source\R5T.T0098\R5T.T0098.csproj", "{47B0F6F1-E7FC-4F9F-A711-3E5519DC9B87}"
EndProject
Global
	GlobalSection(NestedProjects) = preSolution
		{7C4A7333-02F1-4037-A20C-D132AEA9780B} = {A5D17131-8E04-4797-A567-A5AE96CC386C}
		{87303280-0868-4335-9273-FAC11EAAE1A4} = {A5D17131-8E04-4797-A567-A5AE96CC386C}
		{CF9CAF8A-4233-437C-BC33-FF5431489868} = {A5D17131-8E04-4797-A567-A5AE96CC386C}
		{1513CFF5-7EC1-4821-9A33-221716FF8608} = {A5D17131-8E04-4797-A567-A5AE96CC386C}
		{C2AA63B0-E1F0-4DFC-B4CB-0CF6408C977E} = {A5D17131-8E04-4797-A567-A5AE96CC386C}
		{1692A917-5725-4003-8CD8-05B25211E11C} = {A5D17131-8E04-4797-A567-A5AE96CC386C}
		{8ED3E724-5B3C-4B3F-82BA-B8BA4A15EE48} = {A5D17131-8E04-4797-A567-A5AE96CC386C}
		{CD12DD47-90F2-4825-B852-443B411CEC96} = {A5D17131-8E04-4797-A567-A5AE96CC386C}
		{4E3C2D82-9C7B-46D7-A074-893979ED10CF} = {A5D17131-8E04-4797-A567-A5AE96CC386C}
		{56E001AD-5272-4583-86C1-5510FF1C942F} = {A5D17131-8E04-4797-A567-A5AE96CC386C}
		{47B0F6F1-E7FC-4F9F-A711-3E5519DC9B87} = {A5D17131-8E04-4797-A567-A5AE96CC386C}
	EndGlobalSection
	GlobalSection(SolutionConfigurationPlatforms) = preSolution
		Debug|Any CPU = Debug|Any CPU
		Debug|x64 = Debug|x64
		Debug|x86 = Debug|x86
		Release|Any CPU = Release|Any CPU
		Release|x64 = Release|x64
		Release|x86 = Release|x86
	EndGlobalSection
	GlobalSection(ProjectConfigurationPlatforms) = postSolution
		{3FCB6E6C-2C37-4255-9E9D-433013ECFAD5}.Debug|Any CPU.ActiveCfg = Debug|Any CPU
		{3FCB6E6C-2C37-4255-9E9D-433013ECFAD5}.Debug|Any CPU.Build.0 = Debug|Any CPU
		{3FCB6E6C-2C37-4255-9E9D-433013ECFAD5}.Debug|x64.ActiveCfg = Debug|Any CPU
		{3FCB6E6C-2C37-4255-9E9D-433013ECFAD5}.Debug|x64.Build.0 = Debug|Any CPU
		{3FCB6E6C-2C37-4255-9E9D-433013ECFAD5}.Debug|x86.ActiveCfg = Debug|Any CPU
		{3FCB6E6C-2C37-4255-9E9D-433013ECFAD5}.Debug|x86.Build.0 = Debug|Any CPU
		{3FCB6E6C-2C37-4255-9E9D-433013ECFAD5}.Release|Any CPU.ActiveCfg = Release|Any CPU
		{3FCB6E6C-2C37-4255-9E9D-433013ECFAD5}.Release|Any CPU.Build.0 = Release|Any CPU
		{3FCB6E6C-2C37-4255-9E9D-433013ECFAD5}.Release|x64.ActiveCfg = Release|Any CPU
		{3FCB6E6C-2C37-4255-9E9D-433013ECFAD5}.Release|x64.Build.0 = Release|Any CPU
		{3FCB6E6C-2C37-4255-9E9D-433013ECFAD5}.Release|x86.ActiveCfg = Release|Any CPU
		{3FCB6E6C-2C37-4255-9E9D-433013ECFAD5}.Release|x86.Build.0 = Release|Any CPU
		{7C4A7333-02F1-4037-A20C-D132AEA9780B}.Debug|Any CPU.ActiveCfg = Debug|Any CPU
		{7C4A7333-02F1-4037-A20C-D132AEA9780B}.Debug|Any CPU.Build.0 = Debug|Any CPU
		{7C4A7333-02F1-4037-A20C-D132AEA9780B}.Debug|x64.ActiveCfg = Debug|Any CPU
		{7C4A7333-02F1-4037-A20C-D132AEA9780B}.Debug|x64.Build.0 = Debug|Any CPU
		{7C4A7333-02F1-4037-A20C-D132AEA9780B}.Debug|x86.ActiveCfg = Debug|Any CPU
		{7C4A7333-02F1-4037-A20C-D132AEA9780B}.Debug|x86.Build.0 = Debug|Any CPU
		{7C4A7333-02F1-4037-A20C-D132AEA9780B}.Release|Any CPU.ActiveCfg = Release|Any CPU
		{7C4A7333-02F1-4037-A20C-D132AEA9780B}.Release|Any CPU.Build.0 = Release|Any CPU
		{7C4A7333-02F1-4037-A20C-D132AEA9780B}.Release|x64.ActiveCfg = Release|Any CPU
		{7C4A7333-02F1-4037-A20C-D132AEA9780B}.Release|x64.Build.0 = Release|Any CPU
		{7C4A7333-02F1-4037-A20C-D132AEA9780B}.Release|x86.ActiveCfg = Release|Any CPU
		{7C4A7333-02F1-4037-A20C-D132AEA9780B}.Release|x86.Build.0 = Release|Any CPU
		{87303280-0868-4335-9273-FAC11EAAE1A4}.Debug|Any CPU.ActiveCfg = Debug|Any CPU
		{87303280-0868-4335-9273-FAC11EAAE1A4}.Debug|Any CPU.Build.0 = Debug|Any CPU
		{87303280-0868-4335-9273-FAC11EAAE1A4}.Debug|x64.ActiveCfg = Debug|Any CPU
		{87303280-0868-4335-9273-FAC11EAAE1A4}.Debug|x64.Build.0 = Debug|Any CPU
		{87303280-0868-4335-9273-FAC11EAAE1A4}.Debug|x86.ActiveCfg = Debug|Any CPU
		{87303280-0868-4335-9273-FAC11EAAE1A4}.Debug|x86.Build.0 = Debug|Any CPU
		{87303280-0868-4335-9273-FAC11EAAE1A4}.Release|Any CPU.ActiveCfg = Release|Any CPU
		{87303280-0868-4335-9273-FAC11EAAE1A4}.Release|Any CPU.Build.0 = Release|Any CPU
		{87303280-0868-4335-9273-FAC11EAAE1A4}.Release|x64.ActiveCfg = Release|Any CPU
		{87303280-0868-4335-9273-FAC11EAAE1A4}.Release|x64.Build.0 = Release|Any CPU
		{87303280-0868-4335-9273-FAC11EAAE1A4}.Release|x86.ActiveCfg = Release|Any CPU
		{87303280-0868-4335-9273-FAC11EAAE1A4}.Release|x86.Build.0 = Release|Any CPU
		{CF9CAF8A-4233-437C-BC33-FF5431489868}.Debug|Any CPU.ActiveCfg = Debug|Any CPU
		{CF9CAF8A-4233-437C-BC33-FF5431489868}.Debug|Any CPU.Build.0 = Debug|Any CPU
		{CF9CAF8A-4233-437C-BC33-FF5431489868}.Debug|x64.ActiveCfg = Debug|Any CPU
		{CF9CAF8A-4233-437C-BC33-FF5431489868}.Debug|x64.Build.0 = Debug|Any CPU
		{CF9CAF8A-4233-437C-BC33-FF5431489868}.Debug|x86.ActiveCfg = Debug|Any CPU
		{CF9CAF8A-4233-437C-BC33-FF5431489868}.Debug|x86.Build.0 = Debug|Any CPU
		{CF9CAF8A-4233-437C-BC33-FF5431489868}.Release|Any CPU.ActiveCfg = Release|Any CPU
		{CF9CAF8A-4233-437C-BC33-FF5431489868}.Release|Any CPU.Build.0 = Release|Any CPU
		{CF9CAF8A-4233-437C-BC33-FF5431489868}.Release|x64.ActiveCfg = Release|Any CPU
		{CF9CAF8A-4233-437C-BC33-FF5431489868}.Release|x64.Build.0 = Release|Any CPU
		{CF9CAF8A-4233-437C-BC33-FF5431489868}.Release|x86.ActiveCfg = Release|Any CPU
		{CF9CAF8A-4233-437C-BC33-FF5431489868}.Release|x86.Build.0 = Release|Any CPU
		{1513CFF5-7EC1-4821-9A33-221716FF8608}.Debug|Any CPU.ActiveCfg = Debug|Any CPU
		{1513CFF5-7EC1-4821-9A33-221716FF8608}.Debug|Any CPU.Build.0 = Debug|Any CPU
		{1513CFF5-7EC1-4821-9A33-221716FF8608}.Debug|x64.ActiveCfg = Debug|Any CPU
		{1513CFF5-7EC1-4821-9A33-221716FF8608}.Debug|x64.Build.0 = Debug|Any CPU
		{1513CFF5-7EC1-4821-9A33-221716FF8608}.Debug|x86.ActiveCfg = Debug|Any CPU
		{1513CFF5-7EC1-4821-9A33-221716FF8608}.Debug|x86.Build.0 = Debug|Any CPU
		{1513CFF5-7EC1-4821-9A33-221716FF8608}.Release|Any CPU.ActiveCfg = Release|Any CPU
		{1513CFF5-7EC1-4821-9A33-221716FF8608}.Release|Any CPU.Build.0 = Release|Any CPU
		{1513CFF5-7EC1-4821-9A33-221716FF8608}.Release|x64.ActiveCfg = Release|Any CPU
		{1513CFF5-7EC1-4821-9A33-221716FF8608}.Release|x64.Build.0 = Release|Any CPU
		{1513CFF5-7EC1-4821-9A33-221716FF8608}.Release|x86.ActiveCfg = Release|Any CPU
		{1513CFF5-7EC1-4821-9A33-221716FF8608}.Release|x86.Build.0 = Release|Any CPU
		{F531D13A-9CDE-469E-AFAB-9FAE812AE697}.Debug|Any CPU.ActiveCfg = Debug|Any CPU
		{F531D13A-9CDE-469E-AFAB-9FAE812AE697}.Debug|Any CPU.Build.0 = Debug|Any CPU
		{F531D13A-9CDE-469E-AFAB-9FAE812AE697}.Debug|x64.ActiveCfg = Debug|Any CPU
		{F531D13A-9CDE-469E-AFAB-9FAE812AE697}.Debug|x64.Build.0 = Debug|Any CPU
		{F531D13A-9CDE-469E-AFAB-9FAE812AE697}.Debug|x86.ActiveCfg = Debug|Any CPU
		{F531D13A-9CDE-469E-AFAB-9FAE812AE697}.Debug|x86.Build.0 = Debug|Any CPU
		{F531D13A-9CDE-469E-AFAB-9FAE812AE697}.Release|Any CPU.ActiveCfg = Release|Any CPU
		{F531D13A-9CDE-469E-AFAB-9FAE812AE697}.Release|Any CPU.Build.0 = Release|Any CPU
		{F531D13A-9CDE-469E-AFAB-9FAE812AE697}.Release|x64.ActiveCfg = Release|Any CPU
		{F531D13A-9CDE-469E-AFAB-9FAE812AE697}.Release|x64.Build.0 = Release|Any CPU
		{F531D13A-9CDE-469E-AFAB-9FAE812AE697}.Release|x86.ActiveCfg = Release|Any CPU
		{F531D13A-9CDE-469E-AFAB-9FAE812AE697}.Release|x86.Build.0 = Release|Any CPU
		{C2AA63B0-E1F0-4DFC-B4CB-0CF6408C977E}.Debug|Any CPU.ActiveCfg = Debug|Any CPU
		{C2AA63B0-E1F0-4DFC-B4CB-0CF6408C977E}.Debug|Any CPU.Build.0 = Debug|Any CPU
		{C2AA63B0-E1F0-4DFC-B4CB-0CF6408C977E}.Debug|x64.ActiveCfg = Debug|Any CPU
		{C2AA63B0-E1F0-4DFC-B4CB-0CF6408C977E}.Debug|x64.Build.0 = Debug|Any CPU
		{C2AA63B0-E1F0-4DFC-B4CB-0CF6408C977E}.Debug|x86.ActiveCfg = Debug|Any CPU
		{C2AA63B0-E1F0-4DFC-B4CB-0CF6408C977E}.Debug|x86.Build.0 = Debug|Any CPU
		{C2AA63B0-E1F0-4DFC-B4CB-0CF6408C977E}.Release|Any CPU.ActiveCfg = Release|Any CPU
		{C2AA63B0-E1F0-4DFC-B4CB-0CF6408C977E}.Release|Any CPU.Build.0 = Release|Any CPU
		{C2AA63B0-E1F0-4DFC-B4CB-0CF6408C977E}.Release|x64.ActiveCfg = Release|Any CPU
		{C2AA63B0-E1F0-4DFC-B4CB-0CF6408C977E}.Release|x64.Build.0 = Release|Any CPU
		{C2AA63B0-E1F0-4DFC-B4CB-0CF6408C977E}.Release|x86.ActiveCfg = Release|Any CPU
		{C2AA63B0-E1F0-4DFC-B4CB-0CF6408C977E}.Release|x86.Build.0 = Release|Any CPU
		{1692A917-5725-4003-8CD8-05B25211E11C}.Debug|Any CPU.ActiveCfg = Debug|Any CPU
		{1692A917-5725-4003-8CD8-05B25211E11C}.Debug|Any CPU.Build.0 = Debug|Any CPU
		{1692A917-5725-4003-8CD8-05B25211E11C}.Debug|x64.ActiveCfg = Debug|Any CPU
		{1692A917-5725-4003-8CD8-05B25211E11C}.Debug|x64.Build.0 = Debug|Any CPU
		{1692A917-5725-4003-8CD8-05B25211E11C}.Debug|x86.ActiveCfg = Debug|Any CPU
		{1692A917-5725-4003-8CD8-05B25211E11C}.Debug|x86.Build.0 = Debug|Any CPU
		{1692A917-5725-4003-8CD8-05B25211E11C}.Release|Any CPU.ActiveCfg = Release|Any CPU
		{1692A917-5725-4003-8CD8-05B25211E11C}.Release|Any CPU.Build.0 = Release|Any CPU
		{1692A917-5725-4003-8CD8-05B25211E11C}.Release|x64.ActiveCfg = Release|Any CPU
		{1692A917-5725-4003-8CD8-05B25211E11C}.Release|x64.Build.0 = Release|Any CPU
		{1692A917-5725-4003-8CD8-05B25211E11C}.Release|x86.ActiveCfg = Release|Any CPU
		{1692A917-5725-4003-8CD8-05B25211E11C}.Release|x86.Build.0 = Release|Any CPU
		{8ED3E724-5B3C-4B3F-82BA-B8BA4A15EE48}.Debug|Any CPU.ActiveCfg = Debug|Any CPU
		{8ED3E724-5B3C-4B3F-82BA-B8BA4A15EE48}.Debug|Any CPU.Build.0 = Debug|Any CPU
		{8ED3E724-5B3C-4B3F-82BA-B8BA4A15EE48}.Debug|x64.ActiveCfg = Debug|Any CPU
		{8ED3E724-5B3C-4B3F-82BA-B8BA4A15EE48}.Debug|x64.Build.0 = Debug|Any CPU
		{8ED3E724-5B3C-4B3F-82BA-B8BA4A15EE48}.Debug|x86.ActiveCfg = Debug|Any CPU
		{8ED3E724-5B3C-4B3F-82BA-B8BA4A15EE48}.Debug|x86.Build.0 = Debug|Any CPU
		{8ED3E724-5B3C-4B3F-82BA-B8BA4A15EE48}.Release|Any CPU.ActiveCfg = Release|Any CPU
		{8ED3E724-5B3C-4B3F-82BA-B8BA4A15EE48}.Release|Any CPU.Build.0 = Release|Any CPU
		{8ED3E724-5B3C-4B3F-82BA-B8BA4A15EE48}.Release|x64.ActiveCfg = Release|Any CPU
		{8ED3E724-5B3C-4B3F-82BA-B8BA4A15EE48}.Release|x64.Build.0 = Release|Any CPU
		{8ED3E724-5B3C-4B3F-82BA-B8BA4A15EE48}.Release|x86.ActiveCfg = Release|Any CPU
		{8ED3E724-5B3C-4B3F-82BA-B8BA4A15EE48}.Release|x86.Build.0 = Release|Any CPU
		{CD12DD47-90F2-4825-B852-443B411CEC96}.Debug|Any CPU.ActiveCfg = Debug|Any CPU
		{CD12DD47-90F2-4825-B852-443B411CEC96}.Debug|Any CPU.Build.0 = Debug|Any CPU
		{CD12DD47-90F2-4825-B852-443B411CEC96}.Debug|x64.ActiveCfg = Debug|Any CPU
		{CD12DD47-90F2-4825-B852-443B411CEC96}.Debug|x64.Build.0 = Debug|Any CPU
		{CD12DD47-90F2-4825-B852-443B411CEC96}.Debug|x86.ActiveCfg = Debug|Any CPU
		{CD12DD47-90F2-4825-B852-443B411CEC96}.Debug|x86.Build.0 = Debug|Any CPU
		{CD12DD47-90F2-4825-B852-443B411CEC96}.Release|Any CPU.ActiveCfg = Release|Any CPU
		{CD12DD47-90F2-4825-B852-443B411CEC96}.Release|Any CPU.Build.0 = Release|Any CPU
		{CD12DD47-90F2-4825-B852-443B411CEC96}.Release|x64.ActiveCfg = Release|Any CPU
		{CD12DD47-90F2-4825-B852-443B411CEC96}.Release|x64.Build.0 = Release|Any CPU
		{CD12DD47-90F2-4825-B852-443B411CEC96}.Release|x86.ActiveCfg = Release|Any CPU
		{CD12DD47-90F2-4825-B852-443B411CEC96}.Release|x86.Build.0 = Release|Any CPU
		{4E3C2D82-9C7B-46D7-A074-893979ED10CF}.Debug|Any CPU.ActiveCfg = Debug|Any CPU
		{4E3C2D82-9C7B-46D7-A074-893979ED10CF}.Debug|Any CPU.Build.0 = Debug|Any CPU
		{4E3C2D82-9C7B-46D7-A074-893979ED10CF}.Debug|x64.ActiveCfg = Debug|Any CPU
		{4E3C2D82-9C7B-46D7-A074-893979ED10CF}.Debug|x64.Build.0 = Debug|Any CPU
		{4E3C2D82-9C7B-46D7-A074-893979ED10CF}.Debug|x86.ActiveCfg = Debug|Any CPU
		{4E3C2D82-9C7B-46D7-A074-893979ED10CF}.Debug|x86.Build.0 = Debug|Any CPU
		{4E3C2D82-9C7B-46D7-A074-893979ED10CF}.Release|Any CPU.ActiveCfg = Release|Any CPU
		{4E3C2D82-9C7B-46D7-A074-893979ED10CF}.Release|Any CPU.Build.0 = Release|Any CPU
		{4E3C2D82-9C7B-46D7-A074-893979ED10CF}.Release|x64.ActiveCfg = Release|Any CPU
		{4E3C2D82-9C7B-46D7-A074-893979ED10CF}.Release|x64.Build.0 = Release|Any CPU
		{4E3C2D82-9C7B-46D7-A074-893979ED10CF}.Release|x86.ActiveCfg = Release|Any CPU
		{4E3C2D82-9C7B-46D7-A074-893979ED10CF}.Release|x86.Build.0 = Release|Any CPU
		{56E001AD-5272-4583-86C1-5510FF1C942F}.Debug|Any CPU.ActiveCfg = Debug|Any CPU
		{56E001AD-5272-4583-86C1-5510FF1C942F}.Debug|Any CPU.Build.0 = Debug|Any CPU
		{56E001AD-5272-4583-86C1-5510FF1C942F}.Debug|x64.ActiveCfg = Debug|Any CPU
		{56E001AD-5272-4583-86C1-5510FF1C942F}.Debug|x64.Build.0 = Debug|Any CPU
		{56E001AD-5272-4583-86C1-5510FF1C942F}.Debug|x86.ActiveCfg = Debug|Any CPU
		{56E001AD-5272-4583-86C1-5510FF1C942F}.Debug|x86.Build.0 = Debug|Any CPU
		{56E001AD-5272-4583-86C1-5510FF1C942F}.Release|Any CPU.ActiveCfg = Release|Any CPU
		{56E001AD-5272-4583-86C1-5510FF1C942F}.Release|Any CPU.Build.0 = Release|Any CPU
		{56E001AD-5272-4583-86C1-5510FF1C942F}.Release|x64.ActiveCfg = Release|Any CPU
		{56E001AD-5272-4583-86C1-5510FF1C942F}.Release|x64.Build.0 = Release|Any CPU
		{56E001AD-5272-4583-86C1-5510FF1C942F}.Release|x86.ActiveCfg = Release|Any CPU
		{56E001AD-5272-4583-86C1-5510FF1C942F}.Release|x86.Build.0 = Release|Any CPU
		{47B0F6F1-E7FC-4F9F-A711-3E5519DC9B87}.Debug|Any CPU.ActiveCfg = Debug|Any CPU
		{47B0F6F1-E7FC-4F9F-A711-3E5519DC9B87}.Debug|Any CPU.Build.0 = Debug|Any CPU
		{47B0F6F1-E7FC-4F9F-A711-3E5519DC9B87}.Debug|x64.ActiveCfg = Debug|Any CPU
		{47B0F6F1-E7FC-4F9F-A711-3E5519DC9B87}.Debug|x64.Build.0 = Debug|Any CPU
		{47B0F6F1-E7FC-4F9F-A711-3E5519DC9B87}.Debug|x86.ActiveCfg = Debug|Any CPU
		{47B0F6F1-E7FC-4F9F-A711-3E5519DC9B87}.Debug|x86.Build.0 = Debug|Any CPU
		{47B0F6F1-E7FC-4F9F-A711-3E5519DC9B87}.Release|Any CPU.ActiveCfg = Release|Any CPU
		{47B0F6F1-E7FC-4F9F-A711-3E5519DC9B87}.Release|Any CPU.Build.0 = Release|Any CPU
		{47B0F6F1-E7FC-4F9F-A711-3E5519DC9B87}.Release|x64.ActiveCfg = Release|Any CPU
		{47B0F6F1-E7FC-4F9F-A711-3E5519DC9B87}.Release|x64.Build.0 = Release|Any CPU
		{47B0F6F1-E7FC-4F9F-A711-3E5519DC9B87}.Release|x86.ActiveCfg = Release|Any CPU
		{47B0F6F1-E7FC-4F9F-A711-3E5519DC9B87}.Release|x86.Build.0 = Release|Any CPU
	EndGlobalSection
	GlobalSection(SolutionProperties) = preSolution
		HideSolutionNode = FALSE
	EndGlobalSection
	GlobalSection(ExtensibilityGlobals) = postSolution
		SolutionGuid = {81480E6E-7063-404B-95DE-E401FD4D0B89}
	EndGlobalSection
EndGlobal
